// !$*UTF8*$!
{
	archiveVersion = 1;
	classes = {
	};
	objectVersion = 46;
	objects = {

/* Begin PBXBuildFile section */
		6C1436F41B1B923900EB9212 /* AppDelegate.swift in Sources */ = {isa = PBXBuildFile; fileRef = 6C1436F31B1B923900EB9212 /* AppDelegate.swift */; };
		6C1436F71B1B923900EB9212 /* IRON.xcdatamodeld in Sources */ = {isa = PBXBuildFile; fileRef = 6C1436F51B1B923900EB9212 /* IRON.xcdatamodeld */; };
		6C1436F91B1B923900EB9212 /* ViewController.swift in Sources */ = {isa = PBXBuildFile; fileRef = 6C1436F81B1B923900EB9212 /* ViewController.swift */; };
		6C1436FC1B1B923900EB9212 /* Main.storyboard in Resources */ = {isa = PBXBuildFile; fileRef = 6C1436FA1B1B923900EB9212 /* Main.storyboard */; };
		6C1436FE1B1B923900EB9212 /* Images.xcassets in Resources */ = {isa = PBXBuildFile; fileRef = 6C1436FD1B1B923900EB9212 /* Images.xcassets */; };
		6C1437011B1B923900EB9212 /* LaunchScreen.xib in Resources */ = {isa = PBXBuildFile; fileRef = 6C1436FF1B1B923900EB9212 /* LaunchScreen.xib */; };
		6C14370D1B1B923A00EB9212 /* IRONTests.swift in Sources */ = {isa = PBXBuildFile; fileRef = 6C14370C1B1B923A00EB9212 /* IRONTests.swift */; };
/* End PBXBuildFile section */

/* Begin PBXContainerItemProxy section */
		6C1437071B1B923A00EB9212 /* PBXContainerItemProxy */ = {
			isa = PBXContainerItemProxy;
			containerPortal = 6C1436E61B1B923900EB9212 /* Project object */;
			proxyType = 1;
			remoteGlobalIDString = 6C1436ED1B1B923900EB9212;
			remoteInfo = IRON;
		};
/* End PBXContainerItemProxy section */

/* Begin PBXFileReference section */
		6C1436EE1B1B923900EB9212 /* IRON.app */ = {isa = PBXFileReference; explicitFileType = wrapper.application; includeInIndex = 0; path = IRON.app; sourceTree = BUILT_PRODUCTS_DIR; };
		6C1436F21B1B923900EB9212 /* Info.plist */ = {isa = PBXFileReference; lastKnownFileType = text.plist.xml; path = Info.plist; sourceTree = "<group>"; };
		6C1436F31B1B923900EB9212 /* AppDelegate.swift */ = {isa = PBXFileReference; lastKnownFileType = sourcecode.swift; path = AppDelegate.swift; sourceTree = "<group>"; };
		6C1436F61B1B923900EB9212 /* IRON.xcdatamodel */ = {isa = PBXFileReference; lastKnownFileType = wrapper.xcdatamodel; path = IRON.xcdatamodel; sourceTree = "<group>"; };
		6C1436F81B1B923900EB9212 /* ViewController.swift */ = {isa = PBXFileReference; lastKnownFileType = sourcecode.swift; path = ViewController.swift; sourceTree = "<group>"; };
		6C1436FB1B1B923900EB9212 /* Base */ = {isa = PBXFileReference; lastKnownFileType = file.storyboard; name = Base; path = Base.lproj/Main.storyboard; sourceTree = "<group>"; };
		6C1436FD1B1B923900EB9212 /* Images.xcassets */ = {isa = PBXFileReference; lastKnownFileType = folder.assetcatalog; path = Images.xcassets; sourceTree = "<group>"; };
		6C1437001B1B923900EB9212 /* Base */ = {isa = PBXFileReference; lastKnownFileType = file.xib; name = Base; path = Base.lproj/LaunchScreen.xib; sourceTree = "<group>"; };
		6C1437061B1B923A00EB9212 /* IRONTests.xctest */ = {isa = PBXFileReference; explicitFileType = wrapper.cfbundle; includeInIndex = 0; path = IRONTests.xctest; sourceTree = BUILT_PRODUCTS_DIR; };
		6C14370B1B1B923A00EB9212 /* Info.plist */ = {isa = PBXFileReference; lastKnownFileType = text.plist.xml; path = Info.plist; sourceTree = "<group>"; };
		6C14370C1B1B923A00EB9212 /* IRONTests.swift */ = {isa = PBXFileReference; lastKnownFileType = sourcecode.swift; path = IRONTests.swift; sourceTree = "<group>"; };
/* End PBXFileReference section */

/* Begin PBXFrameworksBuildPhase section */
		6C1436EB1B1B923900EB9212 /* Frameworks */ = {
			isa = PBXFrameworksBuildPhase;
			buildActionMask = 2147483647;
			files = (
			);
			runOnlyForDeploymentPostprocessing = 0;
		};
		6C1437031B1B923A00EB9212 /* Frameworks */ = {
			isa = PBXFrameworksBuildPhase;
			buildActionMask = 2147483647;
			files = (
			);
			runOnlyForDeploymentPostprocessing = 0;
		};
/* End PBXFrameworksBuildPhase section */

/* Begin PBXGroup section */
		6C1436E51B1B923900EB9212 = {
			isa = PBXGroup;
			children = (
				6C1436F01B1B923900EB9212 /* IRON */,
				6C1437091B1B923A00EB9212 /* IRONTests */,
				6C1436EF1B1B923900EB9212 /* Products */,
			);
			sourceTree = "<group>";
		};
		6C1436EF1B1B923900EB9212 /* Products */ = {
			isa = PBXGroup;
			children = (
				6C1436EE1B1B923900EB9212 /* IRON.app */,
				6C1437061B1B923A00EB9212 /* IRONTests.xctest */,
			);
			name = Products;
			sourceTree = "<group>";
		};
		6C1436F01B1B923900EB9212 /* IRON */ = {
			isa = PBXGroup;
			children = (
				6C1436F31B1B923900EB9212 /* AppDelegate.swift */,
				6C1436F81B1B923900EB9212 /* ViewController.swift */,
				6C1436FA1B1B923900EB9212 /* Main.storyboard */,
				6C1436FD1B1B923900EB9212 /* Images.xcassets */,
				6C1436FF1B1B923900EB9212 /* LaunchScreen.xib */,
				6C1436F51B1B923900EB9212 /* IRON.xcdatamodeld */,
				6C1436F11B1B923900EB9212 /* Supporting Files */,
			);
			path = IRON;
			sourceTree = "<group>";
		};
		6C1436F11B1B923900EB9212 /* Supporting Files */ = {
			isa = PBXGroup;
			children = (
				6C1436F21B1B923900EB9212 /* Info.plist */,
			);
			name = "Supporting Files";
			sourceTree = "<group>";
		};
		6C1437091B1B923A00EB9212 /* IRONTests */ = {
			isa = PBXGroup;
			children = (
				6C14370C1B1B923A00EB9212 /* IRONTests.swift */,
				6C14370A1B1B923A00EB9212 /* Supporting Files */,
			);
			path = IRONTests;
			sourceTree = "<group>";
		};
		6C14370A1B1B923A00EB9212 /* Supporting Files */ = {
			isa = PBXGroup;
			children = (
				6C14370B1B1B923A00EB9212 /* Info.plist */,
			);
			name = "Supporting Files";
			sourceTree = "<group>";
		};
/* End PBXGroup section */

/* Begin PBXNativeTarget section */
		6C1436ED1B1B923900EB9212 /* IRON */ = {
			isa = PBXNativeTarget;
			buildConfigurationList = 6C1437101B1B923A00EB9212 /* Build configuration list for PBXNativeTarget "IRON" */;
			buildPhases = (
				6C1436EA1B1B923900EB9212 /* Sources */,
				6C1436EB1B1B923900EB9212 /* Frameworks */,
				6C1436EC1B1B923900EB9212 /* Resources */,
			);
			buildRules = (
			);
			dependencies = (
			);
			name = IRON;
			productName = IRON;
			productReference = 6C1436EE1B1B923900EB9212 /* IRON.app */;
			productType = "com.apple.product-type.application";
		};
		6C1437051B1B923A00EB9212 /* IRONTests */ = {
			isa = PBXNativeTarget;
			buildConfigurationList = 6C1437131B1B923A00EB9212 /* Build configuration list for PBXNativeTarget "IRONTests" */;
			buildPhases = (
				6C1437021B1B923A00EB9212 /* Sources */,
				6C1437031B1B923A00EB9212 /* Frameworks */,
				6C1437041B1B923A00EB9212 /* Resources */,
			);
			buildRules = (
			);
			dependencies = (
				6C1437081B1B923A00EB9212 /* PBXTargetDependency */,
			);
			name = IRONTests;
			productName = IRONTests;
			productReference = 6C1437061B1B923A00EB9212 /* IRONTests.xctest */;
			productType = "com.apple.product-type.bundle.unit-test";
		};
/* End PBXNativeTarget section */

/* Begin PBXProject section */
		6C1436E61B1B923900EB9212 /* Project object */ = {
			isa = PBXProject;
			attributes = {
				LastUpgradeCheck = 0630;
				ORGANIZATIONNAME = arodriguez.es;
				TargetAttributes = {
					6C1436ED1B1B923900EB9212 = {
						CreatedOnToolsVersion = 6.3.1;
					};
					6C1437051B1B923A00EB9212 = {
						CreatedOnToolsVersion = 6.3.1;
						TestTargetID = 6C1436ED1B1B923900EB9212;
					};
				};
			};
			buildConfigurationList = 6C1436E91B1B923900EB9212 /* Build configuration list for PBXProject "IRON" */;
			compatibilityVersion = "Xcode 3.2";
			developmentRegion = English;
			hasScannedForEncodings = 0;
			knownRegions = (
				en,
				Base,
			);
			mainGroup = 6C1436E51B1B923900EB9212;
			productRefGroup = 6C1436EF1B1B923900EB9212 /* Products */;
			projectDirPath = "";
			projectRoot = "";
			targets = (
				6C1436ED1B1B923900EB9212 /* IRON */,
				6C1437051B1B923A00EB9212 /* IRONTests */,
			);
		};
/* End PBXProject section */

/* Begin PBXResourcesBuildPhase section */
		6C1436EC1B1B923900EB9212 /* Resources */ = {
			isa = PBXResourcesBuildPhase;
			buildActionMask = 2147483647;
			files = (
				6C1436FC1B1B923900EB9212 /* Main.storyboard in Resources */,
				6C1437011B1B923900EB9212 /* LaunchScreen.xib in Resources */,
				6C1436FE1B1B923900EB9212 /* Images.xcassets in Resources */,
			);
			runOnlyForDeploymentPostprocessing = 0;
		};
		6C1437041B1B923A00EB9212 /* Resources */ = {
			isa = PBXResourcesBuildPhase;
			buildActionMask = 2147483647;
			files = (
			);
			runOnlyForDeploymentPostprocessing = 0;
		};
/* End PBXResourcesBuildPhase section */

/* Begin PBXSourcesBuildPhase section */
		6C1436EA1B1B923900EB9212 /* Sources */ = {
			isa = PBXSourcesBuildPhase;
			buildActionMask = 2147483647;
			files = (
				6C1436F91B1B923900EB9212 /* ViewController.swift in Sources */,
				6C1436F41B1B923900EB9212 /* AppDelegate.swift in Sources */,
				6C1436F71B1B923900EB9212 /* IRON.xcdatamodeld in Sources */,
			);
			runOnlyForDeploymentPostprocessing = 0;
		};
		6C1437021B1B923A00EB9212 /* Sources */ = {
			isa = PBXSourcesBuildPhase;
			buildActionMask = 2147483647;
			files = (
				6C14370D1B1B923A00EB9212 /* IRONTests.swift in Sources */,
			);
			runOnlyForDeploymentPostprocessing = 0;
		};
/* End PBXSourcesBuildPhase section */

/* Begin PBXTargetDependency section */
		6C1437081B1B923A00EB9212 /* PBXTargetDependency */ = {
			isa = PBXTargetDependency;
			target = 6C1436ED1B1B923900EB9212 /* IRON */;
			targetProxy = 6C1437071B1B923A00EB9212 /* PBXContainerItemProxy */;
		};
/* End PBXTargetDependency section */

/* Begin PBXVariantGroup section */
		6C1436FA1B1B923900EB9212 /* Main.storyboard */ = {
			isa = PBXVariantGroup;
			children = (
				6C1436FB1B1B923900EB9212 /* Base */,
			);
			name = Main.storyboard;
			sourceTree = "<group>";
		};
		6C1436FF1B1B923900EB9212 /* LaunchScreen.xib */ = {
			isa = PBXVariantGroup;
			children = (
				6C1437001B1B923900EB9212 /* Base */,
			);
			name = LaunchScreen.xib;
			sourceTree = "<group>";
		};
/* End PBXVariantGroup section */

/* Begin XCBuildConfiguration section */
		6C14370E1B1B923A00EB9212 /* Debug */ = {
			isa = XCBuildConfiguration;
			buildSettings = {
				ALWAYS_SEARCH_USER_PATHS = NO;
				CLANG_CXX_LANGUAGE_STANDARD = "gnu++0x";
				CLANG_CXX_LIBRARY = "libc++";
				CLANG_ENABLE_MODULES = YES;
				CLANG_ENABLE_OBJC_ARC = YES;
				CLANG_WARN_BOOL_CONVERSION = YES;
				CLANG_WARN_CONSTANT_CONVERSION = YES;
				CLANG_WARN_DIRECT_OBJC_ISA_USAGE = YES_ERROR;
				CLANG_WARN_EMPTY_BODY = YES;
				CLANG_WARN_ENUM_CONVERSION = YES;
				CLANG_WARN_INT_CONVERSION = YES;
				CLANG_WARN_OBJC_ROOT_CLASS = YES_ERROR;
				CLANG_WARN_UNREACHABLE_CODE = YES;
				CLANG_WARN__DUPLICATE_METHOD_MATCH = YES;
				"CODE_SIGN_IDENTITY[sdk=iphoneos*]" = "iPhone Developer";
				COPY_PHASE_STRIP = NO;
				DEBUG_INFORMATION_FORMAT = "dwarf-with-dsym";
				ENABLE_STRICT_OBJC_MSGSEND = YES;
				GCC_C_LANGUAGE_STANDARD = gnu99;
				GCC_DYNAMIC_NO_PIC = NO;
				GCC_NO_COMMON_BLOCKS = YES;
				GCC_OPTIMIZATION_LEVEL = 0;
				GCC_PREPROCESSOR_DEFINITIONS = (
					"DEBUG=1",
					"$(inherited)",
				);
				GCC_SYMBOLS_PRIVATE_EXTERN = NO;
				GCC_WARN_64_TO_32_BIT_CONVERSION = YES;
				GCC_WARN_ABOUT_RETURN_TYPE = YES_ERROR;
				GCC_WARN_UNDECLARED_SELECTOR = YES;
				GCC_WARN_UNINITIALIZED_AUTOS = YES_AGGRESSIVE;
				GCC_WARN_UNUSED_FUNCTION = YES;
				GCC_WARN_UNUSED_VARIABLE = YES;
				IPHONEOS_DEPLOYMENT_TARGET = 8.3;
				MTL_ENABLE_DEBUG_INFO = YES;
				ONLY_ACTIVE_ARCH = YES;
				SDKROOT = iphoneos;
				SWIFT_OPTIMIZATION_LEVEL = "-Onone";
			};
			name = Debug;
		};
		6C14370F1B1B923A00EB9212 /* Release */ = {
			isa = XCBuildConfiguration;
			buildSettings = {
				ALWAYS_SEARCH_USER_PATHS = NO;
				CLANG_CXX_LANGUAGE_STANDARD = "gnu++0x";
				CLANG_CXX_LIBRARY = "libc++";
				CLANG_ENABLE_MODULES = YES;
				CLANG_ENABLE_OBJC_ARC = YES;
				CLANG_WARN_BOOL_CONVERSION = YES;
				CLANG_WARN_CONSTANT_CONVERSION = YES;
				CLANG_WARN_DIRECT_OBJC_ISA_USAGE = YES_ERROR;
				CLANG_WARN_EMPTY_BODY = YES;
				CLANG_WARN_ENUM_CONVERSION = YES;
				CLANG_WARN_INT_CONVERSION = YES;
				CLANG_WARN_OBJC_ROOT_CLASS = YES_ERROR;
				CLANG_WARN_UNREACHABLE_CODE = YES;
				CLANG_WARN__DUPLICATE_METHOD_MATCH = YES;
				"CODE_SIGN_IDENTITY[sdk=iphoneos*]" = "iPhone Developer";
				COPY_PHASE_STRIP = NO;
				DEBUG_INFORMATION_FORMAT = "dwarf-with-dsym";
				ENABLE_NS_ASSERTIONS = NO;
				ENABLE_STRICT_OBJC_MSGSEND = YES;
				GCC_C_LANGUAGE_STANDARD = gnu99;
				GCC_NO_COMMON_BLOCKS = YES;
				GCC_WARN_64_TO_32_BIT_CONVERSION = YES;
				GCC_WARN_ABOUT_RETURN_TYPE = YES_ERROR;
				GCC_WARN_UNDECLARED_SELECTOR = YES;
				GCC_WARN_UNINITIALIZED_AUTOS = YES_AGGRESSIVE;
				GCC_WARN_UNUSED_FUNCTION = YES;
				GCC_WARN_UNUSED_VARIABLE = YES;
				IPHONEOS_DEPLOYMENT_TARGET = 8.3;
				MTL_ENABLE_DEBUG_INFO = NO;
				SDKROOT = iphoneos;
				VALIDATE_PRODUCT = YES;
			};
			name = Release;
		};
		6C1437111B1B923A00EB9212 /* Debug */ = {
			isa = XCBuildConfiguration;
			buildSettings = {
				ASSETCATALOG_COMPILER_APPICON_NAME = AppIcon;
				INFOPLIST_FILE = IRON/Info.plist;
				LD_RUNPATH_SEARCH_PATHS = "$(inherited) @executable_path/Frameworks";
				PRODUCT_NAME = "$(TARGET_NAME)";
			};
			name = Debug;
		};
		6C1437121B1B923A00EB9212 /* Release */ = {
			isa = XCBuildConfiguration;
			buildSettings = {
				ASSETCATALOG_COMPILER_APPICON_NAME = AppIcon;
				INFOPLIST_FILE = IRON/Info.plist;
				LD_RUNPATH_SEARCH_PATHS = "$(inherited) @executable_path/Frameworks";
				PRODUCT_NAME = "$(TARGET_NAME)";
			};
			name = Release;
		};
		6C1437141B1B923A00EB9212 /* Debug */ = {
			isa = XCBuildConfiguration;
			buildSettings = {
				BUNDLE_LOADER = "$(TEST_HOST)";
				FRAMEWORK_SEARCH_PATHS = (
					"$(SDKROOT)/Developer/Library/Frameworks",
					"$(inherited)",
				);
				GCC_PREPROCESSOR_DEFINITIONS = (
					"DEBUG=1",
					"$(inherited)",
				);
				INFOPLIST_FILE = IRONTests/Info.plist;
				LD_RUNPATH_SEARCH_PATHS = "$(inherited) @executable_path/Frameworks @loader_path/Frameworks";
				PRODUCT_NAME = "$(TARGET_NAME)";
				TEST_HOST = "$(BUILT_PRODUCTS_DIR)/IRON.app/IRON";
			};
			name = Debug;
		};
		6C1437151B1B923A00EB9212 /* Release */ = {
			isa = XCBuildConfiguration;
			buildSettings = {
				BUNDLE_LOADER = "$(TEST_HOST)";
				FRAMEWORK_SEARCH_PATHS = (
					"$(SDKROOT)/Developer/Library/Frameworks",
					"$(inherited)",
				);
				INFOPLIST_FILE = IRONTests/Info.plist;
				LD_RUNPATH_SEARCH_PATHS = "$(inherited) @executable_path/Frameworks @loader_path/Frameworks";
				PRODUCT_NAME = "$(TARGET_NAME)";
				TEST_HOST = "$(BUILT_PRODUCTS_DIR)/IRON.app/IRON";
			};
			name = Release;
		};
/* End XCBuildConfiguration section */

/* Begin XCConfigurationList section */
		6C1436E91B1B923900EB9212 /* Build configuration list for PBXProject "IRON" */ = {
			isa = XCConfigurationList;
			buildConfigurations = (
				6C14370E1B1B923A00EB9212 /* Debug */,
				6C14370F1B1B923A00EB9212 /* Release */,
			);
			defaultConfigurationIsVisible = 0;
			defaultConfigurationName = Release;
		};
		6C1437101B1B923A00EB9212 /* Build configuration list for PBXNativeTarget "IRON" */ = {
			isa = XCConfigurationList;
			buildConfigurations = (
				6C1437111B1B923A00EB9212 /* Debug */,
				6C1437121B1B923A00EB9212 /* Release */,
			);
			defaultConfigurationIsVisible = 0;
		};
		6C1437131B1B923A00EB9212 /* Build configuration list for PBXNativeTarget "IRONTests" */ = {
			isa = XCConfigurationList;
			buildConfigurations = (
				6C1437141B1B923A00EB9212 /* Debug */,
				6C1437151B1B923A00EB9212 /* Release */,
			);
			defaultConfigurationIsVisible = 0;
		};
/* End XCConfigurationList section */

/* Begin XCVersionGroup section */
		6C1436F51B1B923900EB9212 /* IRON.xcdatamodeld */ = {
			isa = XCVersionGroup;
			children = (
				6C1436F61B1B923900EB9212 /* IRON.xcdatamodel */,
			);
			currentVersion = 6C1436F61B1B923900EB9212 /* IRON.xcdatamodel */;
			path = IRON.xcdatamodeld;
			sourceTree = "<group>";
			versionGroupType = wrapper.xcdatamodel;
		};
/* End XCVersionGroup section */
	};
	rootObject = 6C1436E61B1B923900EB9212 /* Project object */;
}
